// !$*UTF8*$!
{
	archiveVersion = 1;
	classes = {
	};
	objectVersion = 52;
	objects = {

/* Begin PBXBuildFile section */
		BF22B5E72536397A00DC65A7 /* Finnhub-Info.plist in Resources */ = {isa = PBXBuildFile; fileRef = BF22B5E02536397A00DC65A7 /* Finnhub-Info.plist */; };
		BF22B5E82536397A00DC65A7 /* Assets.xcassets in Resources */ = {isa = PBXBuildFile; fileRef = BF22B5E12536397A00DC65A7 /* Assets.xcassets */; };
		BF22B5E92536397A00DC65A7 /* README.md in Resources */ = {isa = PBXBuildFile; fileRef = BF22B5E22536397A00DC65A7 /* README.md */; };
		BF22B5EC2536397A00DC65A7 /* Base.lproj in Resources */ = {isa = PBXBuildFile; fileRef = BF22B5E52536397A00DC65A7 /* Base.lproj */; };
		BF27093225431E1600775E45 /* SymbolsViewController.swift in Sources */ = {isa = PBXBuildFile; fileRef = BF27092F25431E1600775E45 /* SymbolsViewController.swift */; };
		BF27093325431E1600775E45 /* AppDelegate.swift in Sources */ = {isa = PBXBuildFile; fileRef = BF27093025431E1600775E45 /* AppDelegate.swift */; };
		BF27093425431E1600775E45 /* SymbolsViewModel.swift in Sources */ = {isa = PBXBuildFile; fileRef = BF27093125431E1600775E45 /* SymbolsViewModel.swift */; };
		BF27093C254342B400775E45 /* StocksTests.swift in Sources */ = {isa = PBXBuildFile; fileRef = BF27093B254342B400775E45 /* StocksTests.swift */; };
		BF27094F25465B4A00775E45 /* UIView+Autolayout.swift in Sources */ = {isa = PBXBuildFile; fileRef = BF27094E25465B4A00775E45 /* UIView+Autolayout.swift */; };
		BF4FFE3D25A8F21100A61F18 /* SymbolDetailsViewController.swift in Sources */ = {isa = PBXBuildFile; fileRef = BF4FFE3C25A8F21100A61F18 /* SymbolDetailsViewController.swift */; };
		BF4FFE4325A8F26B00A61F18 /* SymbolDetailViewModel.swift in Sources */ = {isa = PBXBuildFile; fileRef = BF4FFE4225A8F26B00A61F18 /* SymbolDetailViewModel.swift */; };
		BF4FFE5525A94DEF00A61F18 /* UIFont+Traits.swift in Sources */ = {isa = PBXBuildFile; fileRef = BF4FFE5425A94DEF00A61F18 /* UIFont+Traits.swift */; };
		BF64A495253624EF008CFD54 /* FinnhubSwift in Frameworks */ = {isa = PBXBuildFile; productRef = BF64A494253624EF008CFD54 /* FinnhubSwift */; };
		BFF4186525478DD300E975FC /* SymbolsDataSource.swift in Sources */ = {isa = PBXBuildFile; fileRef = BFF4186425478DD300E975FC /* SymbolsDataSource.swift */; };
		BFF41867254798E300E975FC /* SymbolsCollectionView.swift in Sources */ = {isa = PBXBuildFile; fileRef = BFF41866254798E300E975FC /* SymbolsCollectionView.swift */; };
/* End PBXBuildFile section */

/* Begin PBXContainerItemProxy section */
		BF27093E254342B400775E45 /* PBXContainerItemProxy */ = {
			isa = PBXContainerItemProxy;
			containerPortal = BFDCC5AB252F9A6800278DA7 /* Project object */;
			proxyType = 1;
			remoteGlobalIDString = BFDCC5B2252F9A6800278DA7;
			remoteInfo = Stocks;
		};
/* End PBXContainerItemProxy section */

/* Begin PBXFileReference section */
		BF22B5E02536397A00DC65A7 /* Finnhub-Info.plist */ = {isa = PBXFileReference; fileEncoding = 4; lastKnownFileType = text.plist.xml; name = "Finnhub-Info.plist"; path = "Stocks/Finnhub-Info.plist"; sourceTree = "<group>"; };
		BF22B5E12536397A00DC65A7 /* Assets.xcassets */ = {isa = PBXFileReference; lastKnownFileType = folder.assetcatalog; name = Assets.xcassets; path = Stocks/Assets.xcassets; sourceTree = "<group>"; };
		BF22B5E22536397A00DC65A7 /* README.md */ = {isa = PBXFileReference; fileEncoding = 4; lastKnownFileType = net.daringfireball.markdown; name = README.md; path = Stocks/README.md; sourceTree = "<group>"; };
		BF22B5E52536397A00DC65A7 /* Base.lproj */ = {isa = PBXFileReference; lastKnownFileType = folder; name = Base.lproj; path = Stocks/Base.lproj; sourceTree = "<group>"; };
		BF22B5E62536397A00DC65A7 /* Info.plist */ = {isa = PBXFileReference; fileEncoding = 4; lastKnownFileType = text.plist.xml; name = Info.plist; path = Stocks/Info.plist; sourceTree = "<group>"; };
		BF27092F25431E1600775E45 /* SymbolsViewController.swift */ = {isa = PBXFileReference; fileEncoding = 4; lastKnownFileType = sourcecode.swift; name = SymbolsViewController.swift; path = Stocks/SymbolsViewController.swift; sourceTree = "<group>"; };
		BF27093025431E1600775E45 /* AppDelegate.swift */ = {isa = PBXFileReference; fileEncoding = 4; lastKnownFileType = sourcecode.swift; name = AppDelegate.swift; path = Stocks/AppDelegate.swift; sourceTree = "<group>"; };
		BF27093125431E1600775E45 /* SymbolsViewModel.swift */ = {isa = PBXFileReference; fileEncoding = 4; lastKnownFileType = sourcecode.swift; name = SymbolsViewModel.swift; path = Stocks/SymbolsViewModel.swift; sourceTree = "<group>"; };
		BF270939254342B400775E45 /* StocksTests.xctest */ = {isa = PBXFileReference; explicitFileType = wrapper.cfbundle; includeInIndex = 0; path = StocksTests.xctest; sourceTree = BUILT_PRODUCTS_DIR; };
		BF27093B254342B400775E45 /* StocksTests.swift */ = {isa = PBXFileReference; lastKnownFileType = sourcecode.swift; path = StocksTests.swift; sourceTree = "<group>"; };
		BF27093D254342B400775E45 /* Info.plist */ = {isa = PBXFileReference; lastKnownFileType = text.plist.xml; path = Info.plist; sourceTree = "<group>"; };
		BF27094E25465B4A00775E45 /* UIView+Autolayout.swift */ = {isa = PBXFileReference; fileEncoding = 4; lastKnownFileType = sourcecode.swift; name = "UIView+Autolayout.swift"; path = "Stocks/UIView+Autolayout.swift"; sourceTree = "<group>"; };
		BF4FFE3C25A8F21100A61F18 /* SymbolDetailsViewController.swift */ = {isa = PBXFileReference; lastKnownFileType = sourcecode.swift; name = SymbolDetailsViewController.swift; path = Stocks/SymbolDetailsViewController.swift; sourceTree = "<group>"; };
		BF4FFE4225A8F26B00A61F18 /* SymbolDetailViewModel.swift */ = {isa = PBXFileReference; lastKnownFileType = sourcecode.swift; name = SymbolDetailViewModel.swift; path = Stocks/SymbolDetailViewModel.swift; sourceTree = "<group>"; };
		BF4FFE5425A94DEF00A61F18 /* UIFont+Traits.swift */ = {isa = PBXFileReference; lastKnownFileType = sourcecode.swift; name = "UIFont+Traits.swift"; path = "Stocks/UIFont+Traits.swift"; sourceTree = "<group>"; };
		BF64A4832536213F008CFD54 /* Stocks.xcodeproj */ = {isa = PBXFileReference; lastKnownFileType = "wrapper.pb-project"; path = Stocks.xcodeproj; sourceTree = "<group>"; };
		BFDCC5B3252F9A6800278DA7 /* Stocks.app */ = {isa = PBXFileReference; explicitFileType = wrapper.application; includeInIndex = 0; path = Stocks.app; sourceTree = BUILT_PRODUCTS_DIR; };
		BFF4186425478DD300E975FC /* SymbolsDataSource.swift */ = {isa = PBXFileReference; lastKnownFileType = sourcecode.swift; name = SymbolsDataSource.swift; path = Stocks/SymbolsDataSource.swift; sourceTree = "<group>"; };
		BFF41866254798E300E975FC /* SymbolsCollectionView.swift */ = {isa = PBXFileReference; lastKnownFileType = sourcecode.swift; name = SymbolsCollectionView.swift; path = Stocks/SymbolsCollectionView.swift; sourceTree = "<group>"; };
/* End PBXFileReference section */

/* Begin PBXFrameworksBuildPhase section */
		BF270936254342B400775E45 /* Frameworks */ = {
			isa = PBXFrameworksBuildPhase;
			buildActionMask = 2147483647;
			files = (
			);
			runOnlyForDeploymentPostprocessing = 0;
		};
		BFDCC5B0252F9A6800278DA7 /* Frameworks */ = {
			isa = PBXFrameworksBuildPhase;
			buildActionMask = 2147483647;
			files = (
				BF64A495253624EF008CFD54 /* FinnhubSwift in Frameworks */,
			);
			runOnlyForDeploymentPostprocessing = 0;
		};
/* End PBXFrameworksBuildPhase section */

/* Begin PBXGroup section */
		BF22B5EF253639BB00DC65A7 /* Stocks */ = {
			isa = PBXGroup;
			children = (
				BF22B5E12536397A00DC65A7 /* Assets.xcassets */,
				BF22B5E52536397A00DC65A7 /* Base.lproj */,
				BF22B5E02536397A00DC65A7 /* Finnhub-Info.plist */,
				BF22B5E62536397A00DC65A7 /* Info.plist */,
				BF27093025431E1600775E45 /* AppDelegate.swift */,
				BF27094E25465B4A00775E45 /* UIView+Autolayout.swift */,
				BF27092F25431E1600775E45 /* SymbolsViewController.swift */,
				BF4FFE3C25A8F21100A61F18 /* SymbolDetailsViewController.swift */,
				BF27093125431E1600775E45 /* SymbolsViewModel.swift */,
				BF4FFE4225A8F26B00A61F18 /* SymbolDetailViewModel.swift */,
				BFF41866254798E300E975FC /* SymbolsCollectionView.swift */,
				BFF4186425478DD300E975FC /* SymbolsDataSource.swift */,
				BF4FFE5425A94DEF00A61F18 /* UIFont+Traits.swift */,
				BF22B5E22536397A00DC65A7 /* README.md */,
			);
			name = Stocks;
			sourceTree = "<group>";
		};
		BF27093A254342B400775E45 /* StocksTests */ = {
			isa = PBXGroup;
			children = (
				BF27093B254342B400775E45 /* StocksTests.swift */,
				BF27093D254342B400775E45 /* Info.plist */,
			);
			path = StocksTests;
			sourceTree = "<group>";
		};
		BF64A4842536213F008CFD54 /* Products */ = {
			isa = PBXGroup;
			name = Products;
			sourceTree = "<group>";
		};
		BFDCC5AA252F9A6800278DA7 = {
			isa = PBXGroup;
			children = (
				BF22B5EF253639BB00DC65A7 /* Stocks */,
				BF64A4832536213F008CFD54 /* Stocks.xcodeproj */,
				BF27093A254342B400775E45 /* StocksTests */,
				BFDCC5B4252F9A6800278DA7 /* Products */,
			);
			sourceTree = "<group>";
		};
		BFDCC5B4252F9A6800278DA7 /* Products */ = {
			isa = PBXGroup;
			children = (
				BFDCC5B3252F9A6800278DA7 /* Stocks.app */,
				BF270939254342B400775E45 /* StocksTests.xctest */,
			);
			name = Products;
			sourceTree = "<group>";
		};
/* End PBXGroup section */

/* Begin PBXNativeTarget section */
		BF270938254342B400775E45 /* StocksTests */ = {
			isa = PBXNativeTarget;
			buildConfigurationList = BF270940254342B400775E45 /* Build configuration list for PBXNativeTarget "StocksTests" */;
			buildPhases = (
				BF270935254342B400775E45 /* Sources */,
				BF270936254342B400775E45 /* Frameworks */,
				BF270937254342B400775E45 /* Resources */,
			);
			buildRules = (
			);
			dependencies = (
				BF27093F254342B400775E45 /* PBXTargetDependency */,
			);
			name = StocksTests;
			productName = StocksTests;
			productReference = BF270939254342B400775E45 /* StocksTests.xctest */;
			productType = "com.apple.product-type.bundle.unit-test";
		};
		BFDCC5B2252F9A6800278DA7 /* Stocks */ = {
			isa = PBXNativeTarget;
			buildConfigurationList = BFDCC5DD252F9A6A00278DA7 /* Build configuration list for PBXNativeTarget "Stocks" */;
			buildPhases = (
				BFDCC5AF252F9A6800278DA7 /* Sources */,
				BFDCC5B0252F9A6800278DA7 /* Frameworks */,
				BFDCC5B1252F9A6800278DA7 /* Resources */,
			);
			buildRules = (
			);
			dependencies = (
			);
			name = Stocks;
			packageProductDependencies = (
				BF64A494253624EF008CFD54 /* FinnhubSwift */,
			);
			productName = Stocks;
			productReference = BFDCC5B3252F9A6800278DA7 /* Stocks.app */;
			productType = "com.apple.product-type.application";
		};
/* End PBXNativeTarget section */

/* Begin PBXProject section */
		BFDCC5AB252F9A6800278DA7 /* Project object */ = {
			isa = PBXProject;
			attributes = {
				LastSwiftUpdateCheck = 1200;
				LastUpgradeCheck = 1200;
				TargetAttributes = {
					BF270938254342B400775E45 = {
						CreatedOnToolsVersion = 12.0;
						TestTargetID = BFDCC5B2252F9A6800278DA7;
					};
					BFDCC5B2252F9A6800278DA7 = {
						CreatedOnToolsVersion = 12.0;
						LastSwiftMigration = 1200;
					};
				};
			};
			buildConfigurationList = BFDCC5AE252F9A6800278DA7 /* Build configuration list for PBXProject "Stocks" */;
			compatibilityVersion = "Xcode 9.3";
			developmentRegion = en;
			hasScannedForEncodings = 0;
			knownRegions = (
				en,
				Base,
			);
			mainGroup = BFDCC5AA252F9A6800278DA7;
			packageReferences = (
				BF64A493253624EF008CFD54 /* XCRemoteSwiftPackageReference "FinnhubSwift" */,
			);
			productRefGroup = BFDCC5B4252F9A6800278DA7 /* Products */;
			projectDirPath = "";
			projectReferences = (
				{
					ProductGroup = BF64A4842536213F008CFD54 /* Products */;
					ProjectRef = BF64A4832536213F008CFD54 /* Stocks.xcodeproj */;
				},
			);
			projectRoot = "";
			targets = (
				BFDCC5B2252F9A6800278DA7 /* Stocks */,
				BF270938254342B400775E45 /* StocksTests */,
			);
		};
/* End PBXProject section */

/* Begin PBXResourcesBuildPhase section */
		BF270937254342B400775E45 /* Resources */ = {
			isa = PBXResourcesBuildPhase;
			buildActionMask = 2147483647;
			files = (
			);
			runOnlyForDeploymentPostprocessing = 0;
		};
		BFDCC5B1252F9A6800278DA7 /* Resources */ = {
			isa = PBXResourcesBuildPhase;
			buildActionMask = 2147483647;
			files = (
				BF22B5E92536397A00DC65A7 /* README.md in Resources */,
				BF22B5E82536397A00DC65A7 /* Assets.xcassets in Resources */,
				BF22B5EC2536397A00DC65A7 /* Base.lproj in Resources */,
				BF22B5E72536397A00DC65A7 /* Finnhub-Info.plist in Resources */,
			);
			runOnlyForDeploymentPostprocessing = 0;
		};
/* End PBXResourcesBuildPhase section */

/* Begin PBXSourcesBuildPhase section */
		BF270935254342B400775E45 /* Sources */ = {
			isa = PBXSourcesBuildPhase;
			buildActionMask = 2147483647;
			files = (
				BF27093C254342B400775E45 /* StocksTests.swift in Sources */,
			);
			runOnlyForDeploymentPostprocessing = 0;
		};
		BFDCC5AF252F9A6800278DA7 /* Sources */ = {
			isa = PBXSourcesBuildPhase;
			buildActionMask = 2147483647;
			files = (
				BF27093325431E1600775E45 /* AppDelegate.swift in Sources */,
				BF27094F25465B4A00775E45 /* UIView+Autolayout.swift in Sources */,
				BF4FFE3D25A8F21100A61F18 /* SymbolDetailsViewController.swift in Sources */,
				BF4FFE4325A8F26B00A61F18 /* SymbolDetailViewModel.swift in Sources */,
				BFF41867254798E300E975FC /* SymbolsCollectionView.swift in Sources */,
				BF27093425431E1600775E45 /* SymbolsViewModel.swift in Sources */,
				BF4FFE5525A94DEF00A61F18 /* UIFont+Traits.swift in Sources */,
				BFF4186525478DD300E975FC /* SymbolsDataSource.swift in Sources */,
				BF27093225431E1600775E45 /* SymbolsViewController.swift in Sources */,
			);
			runOnlyForDeploymentPostprocessing = 0;
		};
/* End PBXSourcesBuildPhase section */

/* Begin PBXTargetDependency section */
		BF27093F254342B400775E45 /* PBXTargetDependency */ = {
			isa = PBXTargetDependency;
			target = BFDCC5B2252F9A6800278DA7 /* Stocks */;
			targetProxy = BF27093E254342B400775E45 /* PBXContainerItemProxy */;
		};
/* End PBXTargetDependency section */

/* Begin XCBuildConfiguration section */
		BF270941254342B400775E45 /* Debug */ = {
			isa = XCBuildConfiguration;
			buildSettings = {
				BUNDLE_LOADER = "$(TEST_HOST)";
				CODE_SIGN_STYLE = Automatic;
				DEVELOPMENT_TEAM = W4K32S464V;
				INFOPLIST_FILE = StocksTests/Info.plist;
				LD_RUNPATH_SEARCH_PATHS = (
					"$(inherited)",
					"@executable_path/Frameworks",
					"@loader_path/Frameworks",
				);
				PRODUCT_BUNDLE_IDENTIFIER = com.kurtmcintire.StocksTests;
				PRODUCT_NAME = "$(TARGET_NAME)";
				SWIFT_VERSION = 5.0;
				TARGETED_DEVICE_FAMILY = "1,2";
				TEST_HOST = "$(BUILT_PRODUCTS_DIR)/Stocks.app/Stocks";
			};
			name = Debug;
		};
		BF270942254342B400775E45 /* Release */ = {
			isa = XCBuildConfiguration;
			buildSettings = {
				BUNDLE_LOADER = "$(TEST_HOST)";
				CODE_SIGN_STYLE = Automatic;
				DEVELOPMENT_TEAM = W4K32S464V;
				INFOPLIST_FILE = StocksTests/Info.plist;
				LD_RUNPATH_SEARCH_PATHS = (
					"$(inherited)",
					"@executable_path/Frameworks",
					"@loader_path/Frameworks",
				);
				PRODUCT_BUNDLE_IDENTIFIER = com.kurtmcintire.StocksTests;
				PRODUCT_NAME = "$(TARGET_NAME)";
				SWIFT_VERSION = 5.0;
				TARGETED_DEVICE_FAMILY = "1,2";
				TEST_HOST = "$(BUILT_PRODUCTS_DIR)/Stocks.app/Stocks";
			};
			name = Release;
		};
		BFDCC5DB252F9A6A00278DA7 /* Debug */ = {
			isa = XCBuildConfiguration;
			buildSettings = {
				ALWAYS_SEARCH_USER_PATHS = NO;
				CLANG_ANALYZER_NONNULL = YES;
				CLANG_ANALYZER_NUMBER_OBJECT_CONVERSION = YES_AGGRESSIVE;
				CLANG_CXX_LANGUAGE_STANDARD = "gnu++14";
				CLANG_CXX_LIBRARY = "libc++";
				CLANG_ENABLE_MODULES = YES;
				CLANG_ENABLE_OBJC_ARC = YES;
				CLANG_ENABLE_OBJC_WEAK = YES;
				CLANG_WARN_BLOCK_CAPTURE_AUTORELEASING = YES;
				CLANG_WARN_BOOL_CONVERSION = YES;
				CLANG_WARN_COMMA = YES;
				CLANG_WARN_CONSTANT_CONVERSION = YES;
				CLANG_WARN_DEPRECATED_OBJC_IMPLEMENTATIONS = YES;
				CLANG_WARN_DIRECT_OBJC_ISA_USAGE = YES_ERROR;
				CLANG_WARN_DOCUMENTATION_COMMENTS = YES;
				CLANG_WARN_EMPTY_BODY = YES;
				CLANG_WARN_ENUM_CONVERSION = YES;
				CLANG_WARN_INFINITE_RECURSION = YES;
				CLANG_WARN_INT_CONVERSION = YES;
				CLANG_WARN_NON_LITERAL_NULL_CONVERSION = YES;
				CLANG_WARN_OBJC_IMPLICIT_RETAIN_SELF = YES;
				CLANG_WARN_OBJC_LITERAL_CONVERSION = YES;
				CLANG_WARN_OBJC_ROOT_CLASS = YES_ERROR;
				CLANG_WARN_QUOTED_INCLUDE_IN_FRAMEWORK_HEADER = YES;
				CLANG_WARN_RANGE_LOOP_ANALYSIS = YES;
				CLANG_WARN_STRICT_PROTOTYPES = YES;
				CLANG_WARN_SUSPICIOUS_MOVE = YES;
				CLANG_WARN_UNGUARDED_AVAILABILITY = YES_AGGRESSIVE;
				CLANG_WARN_UNREACHABLE_CODE = YES;
				CLANG_WARN__DUPLICATE_METHOD_MATCH = YES;
				COPY_PHASE_STRIP = NO;
				DEBUG_INFORMATION_FORMAT = dwarf;
				ENABLE_STRICT_OBJC_MSGSEND = YES;
				ENABLE_TESTABILITY = YES;
				GCC_C_LANGUAGE_STANDARD = gnu11;
				GCC_DYNAMIC_NO_PIC = NO;
				GCC_NO_COMMON_BLOCKS = YES;
				GCC_OPTIMIZATION_LEVEL = 0;
				GCC_PREPROCESSOR_DEFINITIONS = (
					"DEBUG=1",
					"$(inherited)",
				);
				GCC_WARN_64_TO_32_BIT_CONVERSION = YES;
				GCC_WARN_ABOUT_RETURN_TYPE = YES_ERROR;
				GCC_WARN_UNDECLARED_SELECTOR = YES;
				GCC_WARN_UNINITIALIZED_AUTOS = YES_AGGRESSIVE;
				GCC_WARN_UNUSED_FUNCTION = YES;
				GCC_WARN_UNUSED_VARIABLE = YES;
				IPHONEOS_DEPLOYMENT_TARGET = 14.0;
				MTL_ENABLE_DEBUG_INFO = INCLUDE_SOURCE;
				MTL_FAST_MATH = YES;
				ONLY_ACTIVE_ARCH = YES;
				SDKROOT = iphoneos;
				SWIFT_ACTIVE_COMPILATION_CONDITIONS = DEBUG;
				SWIFT_OPTIMIZATION_LEVEL = "-Onone";
			};
			name = Debug;
		};
		BFDCC5DC252F9A6A00278DA7 /* Release */ = {
			isa = XCBuildConfiguration;
			buildSettings = {
				ALWAYS_SEARCH_USER_PATHS = NO;
				CLANG_ANALYZER_NONNULL = YES;
				CLANG_ANALYZER_NUMBER_OBJECT_CONVERSION = YES_AGGRESSIVE;
				CLANG_CXX_LANGUAGE_STANDARD = "gnu++14";
				CLANG_CXX_LIBRARY = "libc++";
				CLANG_ENABLE_MODULES = YES;
				CLANG_ENABLE_OBJC_ARC = YES;
				CLANG_ENABLE_OBJC_WEAK = YES;
				CLANG_WARN_BLOCK_CAPTURE_AUTORELEASING = YES;
				CLANG_WARN_BOOL_CONVERSION = YES;
				CLANG_WARN_COMMA = YES;
				CLANG_WARN_CONSTANT_CONVERSION = YES;
				CLANG_WARN_DEPRECATED_OBJC_IMPLEMENTATIONS = YES;
				CLANG_WARN_DIRECT_OBJC_ISA_USAGE = YES_ERROR;
				CLANG_WARN_DOCUMENTATION_COMMENTS = YES;
				CLANG_WARN_EMPTY_BODY = YES;
				CLANG_WARN_ENUM_CONVERSION = YES;
				CLANG_WARN_INFINITE_RECURSION = YES;
				CLANG_WARN_INT_CONVERSION = YES;
				CLANG_WARN_NON_LITERAL_NULL_CONVERSION = YES;
				CLANG_WARN_OBJC_IMPLICIT_RETAIN_SELF = YES;
				CLANG_WARN_OBJC_LITERAL_CONVERSION = YES;
				CLANG_WARN_OBJC_ROOT_CLASS = YES_ERROR;
				CLANG_WARN_QUOTED_INCLUDE_IN_FRAMEWORK_HEADER = YES;
				CLANG_WARN_RANGE_LOOP_ANALYSIS = YES;
				CLANG_WARN_STRICT_PROTOTYPES = YES;
				CLANG_WARN_SUSPICIOUS_MOVE = YES;
				CLANG_WARN_UNGUARDED_AVAILABILITY = YES_AGGRESSIVE;
				CLANG_WARN_UNREACHABLE_CODE = YES;
				CLANG_WARN__DUPLICATE_METHOD_MATCH = YES;
				COPY_PHASE_STRIP = NO;
				DEBUG_INFORMATION_FORMAT = "dwarf-with-dsym";
				ENABLE_NS_ASSERTIONS = NO;
				ENABLE_STRICT_OBJC_MSGSEND = YES;
				GCC_C_LANGUAGE_STANDARD = gnu11;
				GCC_NO_COMMON_BLOCKS = YES;
				GCC_WARN_64_TO_32_BIT_CONVERSION = YES;
				GCC_WARN_ABOUT_RETURN_TYPE = YES_ERROR;
				GCC_WARN_UNDECLARED_SELECTOR = YES;
				GCC_WARN_UNINITIALIZED_AUTOS = YES_AGGRESSIVE;
				GCC_WARN_UNUSED_FUNCTION = YES;
				GCC_WARN_UNUSED_VARIABLE = YES;
				IPHONEOS_DEPLOYMENT_TARGET = 14.0;
				MTL_ENABLE_DEBUG_INFO = NO;
				MTL_FAST_MATH = YES;
				SDKROOT = iphoneos;
				SWIFT_COMPILATION_MODE = wholemodule;
				SWIFT_OPTIMIZATION_LEVEL = "-O";
				VALIDATE_PRODUCT = YES;
			};
			name = Release;
		};
		BFDCC5DE252F9A6A00278DA7 /* Debug */ = {
			isa = XCBuildConfiguration;
			buildSettings = {
				ASSETCATALOG_COMPILER_APPICON_NAME = AppIcon;
				ASSETCATALOG_COMPILER_GLOBAL_ACCENT_COLOR_NAME = AccentColor;
				CLANG_ENABLE_MODULES = YES;
				CODE_SIGN_STYLE = Automatic;
				DEVELOPMENT_TEAM = W4K32S464V;
				INFOPLIST_FILE = "$(SRCROOT)/Stocks/Info.plist";
				LD_RUNPATH_SEARCH_PATHS = (
					"$(inherited)",
					"@executable_path/Frameworks",
				);
				PRODUCT_BUNDLE_IDENTIFIER = com.kurtmcintire.Stocks;
				PRODUCT_NAME = "$(TARGET_NAME)";
				SWIFT_INSTALL_OBJC_HEADER = NO;
				SWIFT_OPTIMIZATION_LEVEL = "-Onone";
				SWIFT_VERSION = 5.0;
				TARGETED_DEVICE_FAMILY = "1,2";
			};
			name = Debug;
		};
		BFDCC5DF252F9A6A00278DA7 /* Release */ = {
			isa = XCBuildConfiguration;
			buildSettings = {
				ASSETCATALOG_COMPILER_APPICON_NAME = AppIcon;
				ASSETCATALOG_COMPILER_GLOBAL_ACCENT_COLOR_NAME = AccentColor;
				CLANG_ENABLE_MODULES = YES;
				CODE_SIGN_STYLE = Automatic;
				DEVELOPMENT_TEAM = W4K32S464V;
				INFOPLIST_FILE = "$(SRCROOT)/Stocks/Info.plist";
				LD_RUNPATH_SEARCH_PATHS = (
					"$(inherited)",
					"@executable_path/Frameworks",
				);
				PRODUCT_BUNDLE_IDENTIFIER = com.kurtmcintire.Stocks;
				PRODUCT_NAME = "$(TARGET_NAME)";
				SWIFT_INSTALL_OBJC_HEADER = NO;
				SWIFT_VERSION = 5.0;
				TARGETED_DEVICE_FAMILY = "1,2";
			};
			name = Release;
		};
/* End XCBuildConfiguration section */

/* Begin XCConfigurationList section */
		BF270940254342B400775E45 /* Build configuration list for PBXNativeTarget "StocksTests" */ = {
			isa = XCConfigurationList;
			buildConfigurations = (
				BF270941254342B400775E45 /* Debug */,
				BF270942254342B400775E45 /* Release */,
			);
			defaultConfigurationIsVisible = 0;
			defaultConfigurationName = Release;
		};
		BFDCC5AE252F9A6800278DA7 /* Build configuration list for PBXProject "Stocks" */ = {
			isa = XCConfigurationList;
			buildConfigurations = (
				BFDCC5DB252F9A6A00278DA7 /* Debug */,
				BFDCC5DC252F9A6A00278DA7 /* Release */,
			);
			defaultConfigurationIsVisible = 0;
			defaultConfigurationName = Release;
		};
		BFDCC5DD252F9A6A00278DA7 /* Build configuration list for PBXNativeTarget "Stocks" */ = {
			isa = XCConfigurationList;
			buildConfigurations = (
				BFDCC5DE252F9A6A00278DA7 /* Debug */,
				BFDCC5DF252F9A6A00278DA7 /* Release */,
			);
			defaultConfigurationIsVisible = 0;
			defaultConfigurationName = Release;
		};
/* End XCConfigurationList section */

/* Begin XCRemoteSwiftPackageReference section */
		BF64A493253624EF008CFD54 /* XCRemoteSwiftPackageReference "FinnhubSwift" */ = {
			isa = XCRemoteSwiftPackageReference;
			repositoryURL = "https://github.com/kurtmcintire/FinnhubSwift.git";
			requirement = {
				kind = upToNextMajorVersion;
				minimumVersion = 1.0.0;
			};
		};
/* End XCRemoteSwiftPackageReference section */

/* Begin XCSwiftPackageProductDependency section */
		BF64A494253624EF008CFD54 /* FinnhubSwift */ = {
			isa = XCSwiftPackageProductDependency;
			package = BF64A493253624EF008CFD54 /* XCRemoteSwiftPackageReference "FinnhubSwift" */;
			productName = FinnhubSwift;
		};
/* End XCSwiftPackageProductDependency section */
	};
	rootObject = BFDCC5AB252F9A6800278DA7 /* Project object */;
}
