{
  "object": {
    "pins": [
      {
        "package": "FinnhubSwift",
        "repositoryURL": "https://github.com/kurtmcintire/FinnhubSwift.git",
        "state": {
          "branch": null,
          "revision": "9b527460f4960c6d016f74041314d695f3370760",
          "version": "1.0.7"
        }
      }
    ]
  },
  "version": 1
}
