{
  "object": {
    "pins": [
      {
        "package": "FinnhubSwift",
        "repositoryURL": "https://github.com/kurtmcintire/FinnhubSwift.git",
        "state": {
          "branch": null,
          "revision": "95d3b288d602ccb1297617ca7e35c13c718b3b95",
          "version": "1.0.9"
        }
      }
    ]
  },
  "version": 1
}
