{
  "object": {
    "pins": [
      {
        "package": "FinnhubSwift",
        "repositoryURL": "https://github.com/kurtmcintire/FinnhubSwift.git",
        "state": {
          "branch": null,
          "revision": "b171cabf073ca8f50904ffd36155ff9af301622a",
          "version": "1.0.16"
        }
      }
    ]
  },
  "version": 1
}
